
Microsoft Visual Studio Solution File, Format Version 12.00
# Visual Studio Version 16
VisualStudioVersion = 16.0.32602.290
MinimumVisualStudioVersion = 10.0.40219.1
Project("{FAE04EC0-301F-11D3-BF4B-00C04F79EFBC}") = "HolaMundo", "HolaMundo.csproj", "{059E6927-638A-448F-9DF6-E0B499397211}"
EndProject
Global
	GlobalSection(SolutionConfigurationPlatforms) = preSolution
		Debug|Any CPU = Debug|Any CPU
		Release|Any CPU = Release|Any CPU
	EndGlobalSection
	GlobalSection(ProjectConfigurationPlatforms) = postSolution
		{059E6927-638A-448F-9DF6-E0B499397211}.Debug|Any CPU.ActiveCfg = Debug|Any CPU
		{059E6927-638A-448F-9DF6-E0B499397211}.Debug|Any CPU.Build.0 = Debug|Any CPU
		{059E6927-638A-448F-9DF6-E0B499397211}.Release|Any CPU.ActiveCfg = Release|Any CPU
		{059E6927-638A-448F-9DF6-E0B499397211}.Release|Any CPU.Build.0 = Release|Any CPU
	EndGlobalSection
	GlobalSection(SolutionProperties) = preSolution
		HideSolutionNode = FALSE
	EndGlobalSection
	GlobalSection(ExtensibilityGlobals) = postSolution
		SolutionGuid = {C058ABDF-9E8F-48D3-A427-C1A0AAF3E509}
	EndGlobalSection
EndGlobal
